
Microsoft Visual Studio Solution File, Format Version 12.00
# Visual Studio 15
VisualStudioVersion = 15.0.27004.2010
MinimumVisualStudioVersion = 10.0.40219.1
Project("{8BC9CEB8-8B4A-11D0-8D11-00A0C91BC942}") = "dgpulldown", "dgpulldown.vcxproj", "{0B522658-804D-4F86-B142-949946E69B3D}"
EndProject
Global
	GlobalSection(SolutionConfigurationPlatforms) = preSolution
		Debug|x64 = Debug|x64
		Debug|x86 = Debug|x86
		Release|x64 = Release|x64
		Release|x86 = Release|x86
	EndGlobalSection
	GlobalSection(ProjectConfigurationPlatforms) = postSolution
		{0B522658-804D-4F86-B142-949946E69B3D}.Debug|x64.ActiveCfg = Debug|x64
		{0B522658-804D-4F86-B142-949946E69B3D}.Debug|x64.Build.0 = Debug|x64
		{0B522658-804D-4F86-B142-949946E69B3D}.Debug|x86.ActiveCfg = Debug|Win32
		{0B522658-804D-4F86-B142-949946E69B3D}.Debug|x86.Build.0 = Debug|Win32
		{0B522658-804D-4F86-B142-949946E69B3D}.Release|x64.ActiveCfg = Release|x64
		{0B522658-804D-4F86-B142-949946E69B3D}.Release|x64.Build.0 = Release|x64
		{0B522658-804D-4F86-B142-949946E69B3D}.Release|x86.ActiveCfg = Release|Win32
		{0B522658-804D-4F86-B142-949946E69B3D}.Release|x86.Build.0 = Release|Win32
	EndGlobalSection
	GlobalSection(SolutionProperties) = preSolution
		HideSolutionNode = FALSE
	EndGlobalSection
	GlobalSection(ExtensibilityGlobals) = postSolution
		SolutionGuid = {1DD3BB6F-A0B6-4689-B769-EB5E99754A7B}
	EndGlobalSection
EndGlobal
